// !$*UTF8*$!
{
	archiveVersion = 1;
	classes = {
	};
	objectVersion = 46;
	objects = {

/* Begin PBXBuildFile section */
		17113D571C1E0F6A002E45C0 /* SampleData.swift in Sources */ = {isa = PBXBuildFile; fileRef = 17113D561C1E0F6A002E45C0 /* SampleData.swift */; };
		17113D5B1C1E1E24002E45C0 /* PlayerCell.swift in Sources */ = {isa = PBXBuildFile; fileRef = 17113D5A1C1E1E24002E45C0 /* PlayerCell.swift */; };
		17113D5E1C1E2974002E45C0 /* Realm.framework in Frameworks */ = {isa = PBXBuildFile; fileRef = 17113D5C1C1E2974002E45C0 /* Realm.framework */; };
		17113D5F1C1E2974002E45C0 /* RealmSwift.framework in Frameworks */ = {isa = PBXBuildFile; fileRef = 17113D5D1C1E2974002E45C0 /* RealmSwift.framework */; };
		177A1BF01C1D501B00CC9E20 /* AppDelegate.swift in Sources */ = {isa = PBXBuildFile; fileRef = 177A1BEF1C1D501B00CC9E20 /* AppDelegate.swift */; };
		177A1BF21C1D501B00CC9E20 /* RecordViewController.swift in Sources */ = {isa = PBXBuildFile; fileRef = 177A1BF11C1D501B00CC9E20 /* RecordViewController.swift */; };
		177A1BF51C1D501B00CC9E20 /* Main.storyboard in Resources */ = {isa = PBXBuildFile; fileRef = 177A1BF31C1D501B00CC9E20 /* Main.storyboard */; };
		177A1BF71C1D501B00CC9E20 /* Assets.xcassets in Resources */ = {isa = PBXBuildFile; fileRef = 177A1BF61C1D501B00CC9E20 /* Assets.xcassets */; };
		177A1BFA1C1D501B00CC9E20 /* LaunchScreen.storyboard in Resources */ = {isa = PBXBuildFile; fileRef = 177A1BF81C1D501B00CC9E20 /* LaunchScreen.storyboard */; };
		177A1C051C1D501B00CC9E20 /* Baby_KickingTests.swift in Sources */ = {isa = PBXBuildFile; fileRef = 177A1C041C1D501B00CC9E20 /* Baby_KickingTests.swift */; };
		177A1C101C1D501B00CC9E20 /* Baby_KickingUITests.swift in Sources */ = {isa = PBXBuildFile; fileRef = 177A1C0F1C1D501B00CC9E20 /* Baby_KickingUITests.swift */; };
		177A1C481C1D60F100CC9E20 /* PlayersViewController.swift in Sources */ = {isa = PBXBuildFile; fileRef = 177A1C471C1D60F100CC9E20 /* PlayersViewController.swift */; };
		177A1C4A1C1D616600CC9E20 /* Player.swift in Sources */ = {isa = PBXBuildFile; fileRef = 177A1C491C1D616600CC9E20 /* Player.swift */; };
/* End PBXBuildFile section */

/* Begin PBXContainerItemProxy section */
		177A1C011C1D501B00CC9E20 /* PBXContainerItemProxy */ = {
			isa = PBXContainerItemProxy;
			containerPortal = 177A1BE41C1D501B00CC9E20 /* Project object */;
			proxyType = 1;
			remoteGlobalIDString = 177A1BEB1C1D501B00CC9E20;
			remoteInfo = "Baby Kicking";
		};
		177A1C0C1C1D501B00CC9E20 /* PBXContainerItemProxy */ = {
			isa = PBXContainerItemProxy;
			containerPortal = 177A1BE41C1D501B00CC9E20 /* Project object */;
			proxyType = 1;
			remoteGlobalIDString = 177A1BEB1C1D501B00CC9E20;
			remoteInfo = "Baby Kicking";
		};
/* End PBXContainerItemProxy section */

/* Begin PBXFileReference section */
		17113D561C1E0F6A002E45C0 /* SampleData.swift */ = {isa = PBXFileReference; fileEncoding = 4; lastKnownFileType = sourcecode.swift; path = SampleData.swift; sourceTree = "<group>"; };
		17113D5A1C1E1E24002E45C0 /* PlayerCell.swift */ = {isa = PBXFileReference; fileEncoding = 4; lastKnownFileType = sourcecode.swift; path = PlayerCell.swift; sourceTree = "<group>"; };
		17113D5C1C1E2974002E45C0 /* Realm.framework */ = {isa = PBXFileReference; lastKnownFileType = wrapper.framework; name = Realm.framework; path = Carthage/Build/iOS/Realm.framework; sourceTree = "<group>"; };
		17113D5D1C1E2974002E45C0 /* RealmSwift.framework */ = {isa = PBXFileReference; lastKnownFileType = wrapper.framework; name = RealmSwift.framework; path = Carthage/Build/iOS/RealmSwift.framework; sourceTree = "<group>"; };
		177A1BEC1C1D501B00CC9E20 /* Baby Kicking.app */ = {isa = PBXFileReference; explicitFileType = wrapper.application; includeInIndex = 0; path = "Baby Kicking.app"; sourceTree = BUILT_PRODUCTS_DIR; };
		177A1BEF1C1D501B00CC9E20 /* AppDelegate.swift */ = {isa = PBXFileReference; lastKnownFileType = sourcecode.swift; path = AppDelegate.swift; sourceTree = "<group>"; };
		177A1BF11C1D501B00CC9E20 /* RecordViewController.swift */ = {isa = PBXFileReference; lastKnownFileType = sourcecode.swift; path = RecordViewController.swift; sourceTree = "<group>"; };
		177A1BF41C1D501B00CC9E20 /* Base */ = {isa = PBXFileReference; lastKnownFileType = file.storyboard; name = Base; path = Base.lproj/Main.storyboard; sourceTree = "<group>"; };
		177A1BF61C1D501B00CC9E20 /* Assets.xcassets */ = {isa = PBXFileReference; lastKnownFileType = folder.assetcatalog; path = Assets.xcassets; sourceTree = "<group>"; };
		177A1BF91C1D501B00CC9E20 /* Base */ = {isa = PBXFileReference; lastKnownFileType = file.storyboard; name = Base; path = Base.lproj/LaunchScreen.storyboard; sourceTree = "<group>"; };
		177A1BFB1C1D501B00CC9E20 /* Info.plist */ = {isa = PBXFileReference; lastKnownFileType = text.plist.xml; path = Info.plist; sourceTree = "<group>"; };
		177A1C001C1D501B00CC9E20 /* Baby KickingTests.xctest */ = {isa = PBXFileReference; explicitFileType = wrapper.cfbundle; includeInIndex = 0; path = "Baby KickingTests.xctest"; sourceTree = BUILT_PRODUCTS_DIR; };
		177A1C041C1D501B00CC9E20 /* Baby_KickingTests.swift */ = {isa = PBXFileReference; lastKnownFileType = sourcecode.swift; path = Baby_KickingTests.swift; sourceTree = "<group>"; };
		177A1C061C1D501B00CC9E20 /* Info.plist */ = {isa = PBXFileReference; lastKnownFileType = text.plist.xml; path = Info.plist; sourceTree = "<group>"; };
		177A1C0B1C1D501B00CC9E20 /* Baby KickingUITests.xctest */ = {isa = PBXFileReference; explicitFileType = wrapper.cfbundle; includeInIndex = 0; path = "Baby KickingUITests.xctest"; sourceTree = BUILT_PRODUCTS_DIR; };
		177A1C0F1C1D501B00CC9E20 /* Baby_KickingUITests.swift */ = {isa = PBXFileReference; lastKnownFileType = sourcecode.swift; path = Baby_KickingUITests.swift; sourceTree = "<group>"; };
		177A1C111C1D501B00CC9E20 /* Info.plist */ = {isa = PBXFileReference; lastKnownFileType = text.plist.xml; path = Info.plist; sourceTree = "<group>"; };
		177A1C471C1D60F100CC9E20 /* PlayersViewController.swift */ = {isa = PBXFileReference; fileEncoding = 4; lastKnownFileType = sourcecode.swift; path = PlayersViewController.swift; sourceTree = "<group>"; };
		177A1C491C1D616600CC9E20 /* Player.swift */ = {isa = PBXFileReference; fileEncoding = 4; lastKnownFileType = sourcecode.swift; path = Player.swift; sourceTree = "<group>"; };
/* End PBXFileReference section */

/* Begin PBXFrameworksBuildPhase section */
		177A1BE91C1D501B00CC9E20 /* Frameworks */ = {
			isa = PBXFrameworksBuildPhase;
			buildActionMask = 2147483647;
			files = (
				17113D5E1C1E2974002E45C0 /* Realm.framework in Frameworks */,
				17113D5F1C1E2974002E45C0 /* RealmSwift.framework in Frameworks */,
			);
			runOnlyForDeploymentPostprocessing = 0;
		};
		177A1BFD1C1D501B00CC9E20 /* Frameworks */ = {
			isa = PBXFrameworksBuildPhase;
			buildActionMask = 2147483647;
			files = (
			);
			runOnlyForDeploymentPostprocessing = 0;
		};
		177A1C081C1D501B00CC9E20 /* Frameworks */ = {
			isa = PBXFrameworksBuildPhase;
			buildActionMask = 2147483647;
			files = (
			);
			runOnlyForDeploymentPostprocessing = 0;
		};
/* End PBXFrameworksBuildPhase section */

/* Begin PBXGroup section */
		177A1BE31C1D501B00CC9E20 = {
			isa = PBXGroup;
			children = (
				17113D5C1C1E2974002E45C0 /* Realm.framework */,
				17113D5D1C1E2974002E45C0 /* RealmSwift.framework */,
				177A1BEE1C1D501B00CC9E20 /* Baby Kicking */,
				177A1C031C1D501B00CC9E20 /* Baby KickingTests */,
				177A1C0E1C1D501B00CC9E20 /* Baby KickingUITests */,
				177A1BED1C1D501B00CC9E20 /* Products */,
			);
			sourceTree = "<group>";
		};
		177A1BED1C1D501B00CC9E20 /* Products */ = {
			isa = PBXGroup;
			children = (
				177A1BEC1C1D501B00CC9E20 /* Baby Kicking.app */,
				177A1C001C1D501B00CC9E20 /* Baby KickingTests.xctest */,
				177A1C0B1C1D501B00CC9E20 /* Baby KickingUITests.xctest */,
			);
			name = Products;
			sourceTree = "<group>";
		};
		177A1BEE1C1D501B00CC9E20 /* Baby Kicking */ = {
			isa = PBXGroup;
			children = (
				177A1BEF1C1D501B00CC9E20 /* AppDelegate.swift */,
				17113D5A1C1E1E24002E45C0 /* PlayerCell.swift */,
				177A1BF11C1D501B00CC9E20 /* RecordViewController.swift */,
				177A1BF31C1D501B00CC9E20 /* Main.storyboard */,
				177A1C471C1D60F100CC9E20 /* PlayersViewController.swift */,
				177A1C491C1D616600CC9E20 /* Player.swift */,
				17113D561C1E0F6A002E45C0 /* SampleData.swift */,
				177A1BF61C1D501B00CC9E20 /* Assets.xcassets */,
				177A1BF81C1D501B00CC9E20 /* LaunchScreen.storyboard */,
				177A1BFB1C1D501B00CC9E20 /* Info.plist */,
			);
			path = "Baby Kicking";
			sourceTree = "<group>";
		};
		177A1C031C1D501B00CC9E20 /* Baby KickingTests */ = {
			isa = PBXGroup;
			children = (
				177A1C041C1D501B00CC9E20 /* Baby_KickingTests.swift */,
				177A1C061C1D501B00CC9E20 /* Info.plist */,
			);
			path = "Baby KickingTests";
			sourceTree = "<group>";
		};
		177A1C0E1C1D501B00CC9E20 /* Baby KickingUITests */ = {
			isa = PBXGroup;
			children = (
				177A1C0F1C1D501B00CC9E20 /* Baby_KickingUITests.swift */,
				177A1C111C1D501B00CC9E20 /* Info.plist */,
			);
			path = "Baby KickingUITests";
			sourceTree = "<group>";
		};
/* End PBXGroup section */

/* Begin PBXNativeTarget section */
		177A1BEB1C1D501B00CC9E20 /* Baby Kicking */ = {
			isa = PBXNativeTarget;
			buildConfigurationList = 177A1C141C1D501B00CC9E20 /* Build configuration list for PBXNativeTarget "Baby Kicking" */;
			buildPhases = (
				177A1BE81C1D501B00CC9E20 /* Sources */,
				177A1BE91C1D501B00CC9E20 /* Frameworks */,
				177A1BEA1C1D501B00CC9E20 /* Resources */,
				17113D601C1E29A4002E45C0 /* ShellScript */,
			);
			buildRules = (
			);
			dependencies = (
			);
			name = "Baby Kicking";
			productName = "Baby Kicking";
			productReference = 177A1BEC1C1D501B00CC9E20 /* Baby Kicking.app */;
			productType = "com.apple.product-type.application";
		};
		177A1BFF1C1D501B00CC9E20 /* Baby KickingTests */ = {
			isa = PBXNativeTarget;
			buildConfigurationList = 177A1C171C1D501B00CC9E20 /* Build configuration list for PBXNativeTarget "Baby KickingTests" */;
			buildPhases = (
				177A1BFC1C1D501B00CC9E20 /* Sources */,
				177A1BFD1C1D501B00CC9E20 /* Frameworks */,
				177A1BFE1C1D501B00CC9E20 /* Resources */,
			);
			buildRules = (
			);
			dependencies = (
				177A1C021C1D501B00CC9E20 /* PBXTargetDependency */,
			);
			name = "Baby KickingTests";
			productName = "Baby KickingTests";
			productReference = 177A1C001C1D501B00CC9E20 /* Baby KickingTests.xctest */;
			productType = "com.apple.product-type.bundle.unit-test";
		};
		177A1C0A1C1D501B00CC9E20 /* Baby KickingUITests */ = {
			isa = PBXNativeTarget;
			buildConfigurationList = 177A1C1A1C1D501B00CC9E20 /* Build configuration list for PBXNativeTarget "Baby KickingUITests" */;
			buildPhases = (
				177A1C071C1D501B00CC9E20 /* Sources */,
				177A1C081C1D501B00CC9E20 /* Frameworks */,
				177A1C091C1D501B00CC9E20 /* Resources */,
			);
			buildRules = (
			);
			dependencies = (
				177A1C0D1C1D501B00CC9E20 /* PBXTargetDependency */,
			);
			name = "Baby KickingUITests";
			productName = "Baby KickingUITests";
			productReference = 177A1C0B1C1D501B00CC9E20 /* Baby KickingUITests.xctest */;
			productType = "com.apple.product-type.bundle.ui-testing";
		};
/* End PBXNativeTarget section */

/* Begin PBXProject section */
		177A1BE41C1D501B00CC9E20 /* Project object */ = {
			isa = PBXProject;
			attributes = {
				LastSwiftUpdateCheck = 0720;
				LastUpgradeCheck = 0720;
				ORGANIZATIONNAME = Axcoto;
				TargetAttributes = {
					177A1BEB1C1D501B00CC9E20 = {
						CreatedOnToolsVersion = 7.2;
					};
					177A1BFF1C1D501B00CC9E20 = {
						CreatedOnToolsVersion = 7.2;
						TestTargetID = 177A1BEB1C1D501B00CC9E20;
					};
					177A1C0A1C1D501B00CC9E20 = {
						CreatedOnToolsVersion = 7.2;
						TestTargetID = 177A1BEB1C1D501B00CC9E20;
					};
				};
			};
			buildConfigurationList = 177A1BE71C1D501B00CC9E20 /* Build configuration list for PBXProject "Baby Kicking" */;
			compatibilityVersion = "Xcode 3.2";
			developmentRegion = English;
			hasScannedForEncodings = 0;
			knownRegions = (
				en,
				Base,
			);
			mainGroup = 177A1BE31C1D501B00CC9E20;
			productRefGroup = 177A1BED1C1D501B00CC9E20 /* Products */;
			projectDirPath = "";
			projectRoot = "";
			targets = (
				177A1BEB1C1D501B00CC9E20 /* Baby Kicking */,
				177A1BFF1C1D501B00CC9E20 /* Baby KickingTests */,
				177A1C0A1C1D501B00CC9E20 /* Baby KickingUITests */,
			);
		};
/* End PBXProject section */

/* Begin PBXResourcesBuildPhase section */
		177A1BEA1C1D501B00CC9E20 /* Resources */ = {
			isa = PBXResourcesBuildPhase;
			buildActionMask = 2147483647;
			files = (
				177A1BFA1C1D501B00CC9E20 /* LaunchScreen.storyboard in Resources */,
				177A1BF71C1D501B00CC9E20 /* Assets.xcassets in Resources */,
				177A1BF51C1D501B00CC9E20 /* Main.storyboard in Resources */,
			);
			runOnlyForDeploymentPostprocessing = 0;
		};
		177A1BFE1C1D501B00CC9E20 /* Resources */ = {
			isa = PBXResourcesBuildPhase;
			buildActionMask = 2147483647;
			files = (
			);
			runOnlyForDeploymentPostprocessing = 0;
		};
		177A1C091C1D501B00CC9E20 /* Resources */ = {
			isa = PBXResourcesBuildPhase;
			buildActionMask = 2147483647;
			files = (
			);
			runOnlyForDeploymentPostprocessing = 0;
		};
/* End PBXResourcesBuildPhase section */

/* Begin PBXShellScriptBuildPhase section */
		17113D601C1E29A4002E45C0 /* ShellScript */ = {
			isa = PBXShellScriptBuildPhase;
			buildActionMask = 2147483647;
			files = (
			);
			inputPaths = (
				"$(SRCROOT)/Carthage/Build/iOS/Realm.framework",
				"$(SRCROOT)/Carthage/Build/iOS/RealmSwift.framework",
			);
			outputPaths = (
			);
			runOnlyForDeploymentPostprocessing = 0;
			shellPath = /bin/sh;
			shellScript = "/usr/local/bin/carthage copy-frameworks\n";
		};
/* End PBXShellScriptBuildPhase section */

/* Begin PBXSourcesBuildPhase section */
		177A1BE81C1D501B00CC9E20 /* Sources */ = {
			isa = PBXSourcesBuildPhase;
			buildActionMask = 2147483647;
			files = (
				17113D5B1C1E1E24002E45C0 /* PlayerCell.swift in Sources */,
				177A1C4A1C1D616600CC9E20 /* Player.swift in Sources */,
				177A1BF21C1D501B00CC9E20 /* RecordViewController.swift in Sources */,
				177A1BF01C1D501B00CC9E20 /* AppDelegate.swift in Sources */,
				17113D571C1E0F6A002E45C0 /* SampleData.swift in Sources */,
				177A1C481C1D60F100CC9E20 /* PlayersViewController.swift in Sources */,
			);
			runOnlyForDeploymentPostprocessing = 0;
		};
		177A1BFC1C1D501B00CC9E20 /* Sources */ = {
			isa = PBXSourcesBuildPhase;
			buildActionMask = 2147483647;
			files = (
				177A1C051C1D501B00CC9E20 /* Baby_KickingTests.swift in Sources */,
			);
			runOnlyForDeploymentPostprocessing = 0;
		};
		177A1C071C1D501B00CC9E20 /* Sources */ = {
			isa = PBXSourcesBuildPhase;
			buildActionMask = 2147483647;
			files = (
				177A1C101C1D501B00CC9E20 /* Baby_KickingUITests.swift in Sources */,
			);
			runOnlyForDeploymentPostprocessing = 0;
		};
/* End PBXSourcesBuildPhase section */

/* Begin PBXTargetDependency section */
		177A1C021C1D501B00CC9E20 /* PBXTargetDependency */ = {
			isa = PBXTargetDependency;
			target = 177A1BEB1C1D501B00CC9E20 /* Baby Kicking */;
			targetProxy = 177A1C011C1D501B00CC9E20 /* PBXContainerItemProxy */;
		};
		177A1C0D1C1D501B00CC9E20 /* PBXTargetDependency */ = {
			isa = PBXTargetDependency;
			target = 177A1BEB1C1D501B00CC9E20 /* Baby Kicking */;
			targetProxy = 177A1C0C1C1D501B00CC9E20 /* PBXContainerItemProxy */;
		};
/* End PBXTargetDependency section */

/* Begin PBXVariantGroup section */
		177A1BF31C1D501B00CC9E20 /* Main.storyboard */ = {
			isa = PBXVariantGroup;
			children = (
				177A1BF41C1D501B00CC9E20 /* Base */,
			);
			name = Main.storyboard;
			sourceTree = "<group>";
		};
		177A1BF81C1D501B00CC9E20 /* LaunchScreen.storyboard */ = {
			isa = PBXVariantGroup;
			children = (
				177A1BF91C1D501B00CC9E20 /* Base */,
			);
			name = LaunchScreen.storyboard;
			sourceTree = "<group>";
		};
/* End PBXVariantGroup section */

/* Begin XCBuildConfiguration section */
		177A1C121C1D501B00CC9E20 /* Debug */ = {
			isa = XCBuildConfiguration;
			buildSettings = {
				ALWAYS_SEARCH_USER_PATHS = NO;
				CLANG_CXX_LANGUAGE_STANDARD = "gnu++0x";
				CLANG_CXX_LIBRARY = "libc++";
				CLANG_ENABLE_MODULES = YES;
				CLANG_ENABLE_OBJC_ARC = YES;
				CLANG_WARN_BOOL_CONVERSION = YES;
				CLANG_WARN_CONSTANT_CONVERSION = YES;
				CLANG_WARN_DIRECT_OBJC_ISA_USAGE = YES_ERROR;
				CLANG_WARN_EMPTY_BODY = YES;
				CLANG_WARN_ENUM_CONVERSION = YES;
				CLANG_WARN_INT_CONVERSION = YES;
				CLANG_WARN_OBJC_ROOT_CLASS = YES_ERROR;
				CLANG_WARN_UNREACHABLE_CODE = YES;
				CLANG_WARN__DUPLICATE_METHOD_MATCH = YES;
				"CODE_SIGN_IDENTITY[sdk=iphoneos*]" = "iPhone Developer";
				COPY_PHASE_STRIP = NO;
				DEBUG_INFORMATION_FORMAT = dwarf;
				ENABLE_STRICT_OBJC_MSGSEND = YES;
				ENABLE_TESTABILITY = YES;
				GCC_C_LANGUAGE_STANDARD = gnu99;
				GCC_DYNAMIC_NO_PIC = NO;
				GCC_NO_COMMON_BLOCKS = YES;
				GCC_OPTIMIZATION_LEVEL = 0;
				GCC_PREPROCESSOR_DEFINITIONS = (
					"DEBUG=1",
					"$(inherited)",
				);
				GCC_WARN_64_TO_32_BIT_CONVERSION = YES;
				GCC_WARN_ABOUT_RETURN_TYPE = YES_ERROR;
				GCC_WARN_UNDECLARED_SELECTOR = YES;
				GCC_WARN_UNINITIALIZED_AUTOS = YES_AGGRESSIVE;
				GCC_WARN_UNUSED_FUNCTION = YES;
				GCC_WARN_UNUSED_VARIABLE = YES;
				IPHONEOS_DEPLOYMENT_TARGET = 9.2;
				MTL_ENABLE_DEBUG_INFO = YES;
				ONLY_ACTIVE_ARCH = YES;
				SDKROOT = iphoneos;
				SWIFT_OPTIMIZATION_LEVEL = "-Onone";
				TARGETED_DEVICE_FAMILY = "1,2";
			};
			name = Debug;
		};
		177A1C131C1D501B00CC9E20 /* Release */ = {
			isa = XCBuildConfiguration;
			buildSettings = {
				ALWAYS_SEARCH_USER_PATHS = NO;
				CLANG_CXX_LANGUAGE_STANDARD = "gnu++0x";
				CLANG_CXX_LIBRARY = "libc++";
				CLANG_ENABLE_MODULES = YES;
				CLANG_ENABLE_OBJC_ARC = YES;
				CLANG_WARN_BOOL_CONVERSION = YES;
				CLANG_WARN_CONSTANT_CONVERSION = YES;
				CLANG_WARN_DIRECT_OBJC_ISA_USAGE = YES_ERROR;
				CLANG_WARN_EMPTY_BODY = YES;
				CLANG_WARN_ENUM_CONVERSION = YES;
				CLANG_WARN_INT_CONVERSION = YES;
				CLANG_WARN_OBJC_ROOT_CLASS = YES_ERROR;
				CLANG_WARN_UNREACHABLE_CODE = YES;
				CLANG_WARN__DUPLICATE_METHOD_MATCH = YES;
				"CODE_SIGN_IDENTITY[sdk=iphoneos*]" = "iPhone Developer";
				COPY_PHASE_STRIP = NO;
				DEBUG_INFORMATION_FORMAT = "dwarf-with-dsym";
				ENABLE_NS_ASSERTIONS = NO;
				ENABLE_STRICT_OBJC_MSGSEND = YES;
				GCC_C_LANGUAGE_STANDARD = gnu99;
				GCC_NO_COMMON_BLOCKS = YES;
				GCC_WARN_64_TO_32_BIT_CONVERSION = YES;
				GCC_WARN_ABOUT_RETURN_TYPE = YES_ERROR;
				GCC_WARN_UNDECLARED_SELECTOR = YES;
				GCC_WARN_UNINITIALIZED_AUTOS = YES_AGGRESSIVE;
				GCC_WARN_UNUSED_FUNCTION = YES;
				GCC_WARN_UNUSED_VARIABLE = YES;
				IPHONEOS_DEPLOYMENT_TARGET = 9.2;
				MTL_ENABLE_DEBUG_INFO = NO;
				SDKROOT = iphoneos;
				TARGETED_DEVICE_FAMILY = "1,2";
				VALIDATE_PRODUCT = YES;
			};
			name = Release;
		};
		177A1C151C1D501B00CC9E20 /* Debug */ = {
			isa = XCBuildConfiguration;
			buildSettings = {
				ASSETCATALOG_COMPILER_APPICON_NAME = AppIcon;
				FRAMEWORK_SEARCH_PATHS = (
					"$(inherited)",
					"$(PROJECT_DIR)/Carthage/Build/iOS",
				);
				INFOPLIST_FILE = "Baby Kicking/Info.plist";
				LD_RUNPATH_SEARCH_PATHS = "$(inherited) @executable_path/Frameworks";
				PRODUCT_BUNDLE_IDENTIFIER = "com.axcoto.Baby-Kicking";
				PRODUCT_NAME = "$(TARGET_NAME)";
			};
			name = Debug;
		};
		177A1C161C1D501B00CC9E20 /* Release */ = {
			isa = XCBuildConfiguration;
			buildSettings = {
				ASSETCATALOG_COMPILER_APPICON_NAME = AppIcon;
				FRAMEWORK_SEARCH_PATHS = (
					"$(inherited)",
					"$(PROJECT_DIR)/Carthage/Build/iOS",
				);
				INFOPLIST_FILE = "Baby Kicking/Info.plist";
				LD_RUNPATH_SEARCH_PATHS = "$(inherited) @executable_path/Frameworks";
				PRODUCT_BUNDLE_IDENTIFIER = "com.axcoto.Baby-Kicking";
				PRODUCT_NAME = "$(TARGET_NAME)";
			};
			name = Release;
		};
		177A1C181C1D501B00CC9E20 /* Debug */ = {
			isa = XCBuildConfiguration;
			buildSettings = {
				BUNDLE_LOADER = "$(TEST_HOST)";
				INFOPLIST_FILE = "Baby KickingTests/Info.plist";
				LD_RUNPATH_SEARCH_PATHS = "$(inherited) @executable_path/Frameworks @loader_path/Frameworks";
				PRODUCT_BUNDLE_IDENTIFIER = "com.axcoto.Baby-KickingTests";
				PRODUCT_NAME = "$(TARGET_NAME)";
				TEST_HOST = "$(BUILT_PRODUCTS_DIR)/Baby Kicking.app/Baby Kicking";
			};
			name = Debug;
		};
		177A1C191C1D501B00CC9E20 /* Release */ = {
			isa = XCBuildConfiguration;
			buildSettings = {
				BUNDLE_LOADER = "$(TEST_HOST)";
				INFOPLIST_FILE = "Baby KickingTests/Info.plist";
				LD_RUNPATH_SEARCH_PATHS = "$(inherited) @executable_path/Frameworks @loader_path/Frameworks";
				PRODUCT_BUNDLE_IDENTIFIER = "com.axcoto.Baby-KickingTests";
				PRODUCT_NAME = "$(TARGET_NAME)";
				TEST_HOST = "$(BUILT_PRODUCTS_DIR)/Baby Kicking.app/Baby Kicking";
			};
			name = Release;
		};
		177A1C1B1C1D501B00CC9E20 /* Debug */ = {
			isa = XCBuildConfiguration;
			buildSettings = {
				INFOPLIST_FILE = "Baby KickingUITests/Info.plist";
				LD_RUNPATH_SEARCH_PATHS = "$(inherited) @executable_path/Frameworks @loader_path/Frameworks";
				PRODUCT_BUNDLE_IDENTIFIER = "com.axcoto.Baby-KickingUITests";
				PRODUCT_NAME = "$(TARGET_NAME)";
				TEST_TARGET_NAME = "Baby Kicking";
				USES_XCTRUNNER = YES;
			};
			name = Debug;
		};
		177A1C1C1C1D501B00CC9E20 /* Release */ = {
			isa = XCBuildConfiguration;
			buildSettings = {
				INFOPLIST_FILE = "Baby KickingUITests/Info.plist";
				LD_RUNPATH_SEARCH_PATHS = "$(inherited) @executable_path/Frameworks @loader_path/Frameworks";
				PRODUCT_BUNDLE_IDENTIFIER = "com.axcoto.Baby-KickingUITests";
				PRODUCT_NAME = "$(TARGET_NAME)";
				TEST_TARGET_NAME = "Baby Kicking";
				USES_XCTRUNNER = YES;
			};
			name = Release;
		};
/* End XCBuildConfiguration section */

/* Begin XCConfigurationList section */
		177A1BE71C1D501B00CC9E20 /* Build configuration list for PBXProject "Baby Kicking" */ = {
			isa = XCConfigurationList;
			buildConfigurations = (
				177A1C121C1D501B00CC9E20 /* Debug */,
				177A1C131C1D501B00CC9E20 /* Release */,
			);
			defaultConfigurationIsVisible = 0;
			defaultConfigurationName = Release;
		};
		177A1C141C1D501B00CC9E20 /* Build configuration list for PBXNativeTarget "Baby Kicking" */ = {
			isa = XCConfigurationList;
			buildConfigurations = (
				177A1C151C1D501B00CC9E20 /* Debug */,
				177A1C161C1D501B00CC9E20 /* Release */,
			);
			defaultConfigurationIsVisible = 0;
			defaultConfigurationName = Release;
		};
		177A1C171C1D501B00CC9E20 /* Build configuration list for PBXNativeTarget "Baby KickingTests" */ = {
			isa = XCConfigurationList;
			buildConfigurations = (
				177A1C181C1D501B00CC9E20 /* Debug */,
				177A1C191C1D501B00CC9E20 /* Release */,
			);
			defaultConfigurationIsVisible = 0;
			defaultConfigurationName = Release;
		};
		177A1C1A1C1D501B00CC9E20 /* Build configuration list for PBXNativeTarget "Baby KickingUITests" */ = {
			isa = XCConfigurationList;
			buildConfigurations = (
				177A1C1B1C1D501B00CC9E20 /* Debug */,
				177A1C1C1C1D501B00CC9E20 /* Release */,
			);
			defaultConfigurationIsVisible = 0;
			defaultConfigurationName = Release;
		};
/* End XCConfigurationList section */
	};
	rootObject = 177A1BE41C1D501B00CC9E20 /* Project object */;
}
